// !$*UTF8*$!
{
	archiveVersion = 1;
	classes = {
	};
	objectVersion = 50;
	objects = {

/* Begin PBXBuildFile section */
		58EB43B123CF7CF3001BD36F /* AppDelegate.swift in Sources */ = {isa = PBXBuildFile; fileRef = 58EB43B023CF7CF3001BD36F /* AppDelegate.swift */; };
		58EB43B323CF7CF3001BD36F /* SceneDelegate.swift in Sources */ = {isa = PBXBuildFile; fileRef = 58EB43B223CF7CF3001BD36F /* SceneDelegate.swift */; };
		58EB43B523CF7CF3001BD36F /* MasterViewController.swift in Sources */ = {isa = PBXBuildFile; fileRef = 58EB43B423CF7CF3001BD36F /* MasterViewController.swift */; };
		58EB43B723CF7CF3001BD36F /* DetailViewController.swift in Sources */ = {isa = PBXBuildFile; fileRef = 58EB43B623CF7CF3001BD36F /* DetailViewController.swift */; };
		58EB43BA23CF7CF3001BD36F /* Main.storyboard in Resources */ = {isa = PBXBuildFile; fileRef = 58EB43B823CF7CF3001BD36F /* Main.storyboard */; };
		58EB43BC23CF7CFB001BD36F /* Assets.xcassets in Resources */ = {isa = PBXBuildFile; fileRef = 58EB43BB23CF7CFB001BD36F /* Assets.xcassets */; };
		58EB43BF23CF7CFB001BD36F /* LaunchScreen.storyboard in Resources */ = {isa = PBXBuildFile; fileRef = 58EB43BD23CF7CFB001BD36F /* LaunchScreen.storyboard */; };
		58EB43CA23CF7CFB001BD36F /* Assignment_NotebookTests.swift in Sources */ = {isa = PBXBuildFile; fileRef = 58EB43C923CF7CFB001BD36F /* Assignment_NotebookTests.swift */; };
		58EB43D523CF7CFB001BD36F /* Assignment_NotebookUITests.swift in Sources */ = {isa = PBXBuildFile; fileRef = 58EB43D423CF7CFB001BD36F /* Assignment_NotebookUITests.swift */; };
/* End PBXBuildFile section */

/* Begin PBXContainerItemProxy section */
		58EB43C623CF7CFB001BD36F /* PBXContainerItemProxy */ = {
			isa = PBXContainerItemProxy;
			containerPortal = 58EB43A523CF7CF3001BD36F /* Project object */;
			proxyType = 1;
			remoteGlobalIDString = 58EB43AC23CF7CF3001BD36F;
			remoteInfo = "Assignment Notebook";
		};
		58EB43D123CF7CFB001BD36F /* PBXContainerItemProxy */ = {
			isa = PBXContainerItemProxy;
			containerPortal = 58EB43A523CF7CF3001BD36F /* Project object */;
			proxyType = 1;
			remoteGlobalIDString = 58EB43AC23CF7CF3001BD36F;
			remoteInfo = "Assignment Notebook";
		};
/* End PBXContainerItemProxy section */

/* Begin PBXFileReference section */
		58EB43AD23CF7CF3001BD36F /* Assignment Notebook.app */ = {isa = PBXFileReference; explicitFileType = wrapper.application; includeInIndex = 0; path = "Assignment Notebook.app"; sourceTree = BUILT_PRODUCTS_DIR; };
		58EB43B023CF7CF3001BD36F /* AppDelegate.swift */ = {isa = PBXFileReference; lastKnownFileType = sourcecode.swift; path = AppDelegate.swift; sourceTree = "<group>"; };
		58EB43B223CF7CF3001BD36F /* SceneDelegate.swift */ = {isa = PBXFileReference; lastKnownFileType = sourcecode.swift; path = SceneDelegate.swift; sourceTree = "<group>"; };
		58EB43B423CF7CF3001BD36F /* MasterViewController.swift */ = {isa = PBXFileReference; lastKnownFileType = sourcecode.swift; path = MasterViewController.swift; sourceTree = "<group>"; };
		58EB43B623CF7CF3001BD36F /* DetailViewController.swift */ = {isa = PBXFileReference; lastKnownFileType = sourcecode.swift; path = DetailViewController.swift; sourceTree = "<group>"; };
		58EB43B923CF7CF3001BD36F /* Base */ = {isa = PBXFileReference; lastKnownFileType = file.storyboard; name = Base; path = Base.lproj/Main.storyboard; sourceTree = "<group>"; };
		58EB43BB23CF7CFB001BD36F /* Assets.xcassets */ = {isa = PBXFileReference; lastKnownFileType = folder.assetcatalog; path = Assets.xcassets; sourceTree = "<group>"; };
		58EB43BE23CF7CFB001BD36F /* Base */ = {isa = PBXFileReference; lastKnownFileType = file.storyboard; name = Base; path = Base.lproj/LaunchScreen.storyboard; sourceTree = "<group>"; };
		58EB43C023CF7CFB001BD36F /* Info.plist */ = {isa = PBXFileReference; lastKnownFileType = text.plist.xml; path = Info.plist; sourceTree = "<group>"; };
		58EB43C523CF7CFB001BD36F /* Assignment NotebookTests.xctest */ = {isa = PBXFileReference; explicitFileType = wrapper.cfbundle; includeInIndex = 0; path = "Assignment NotebookTests.xctest"; sourceTree = BUILT_PRODUCTS_DIR; };
		58EB43C923CF7CFB001BD36F /* Assignment_NotebookTests.swift */ = {isa = PBXFileReference; lastKnownFileType = sourcecode.swift; path = Assignment_NotebookTests.swift; sourceTree = "<group>"; };
		58EB43CB23CF7CFB001BD36F /* Info.plist */ = {isa = PBXFileReference; lastKnownFileType = text.plist.xml; path = Info.plist; sourceTree = "<group>"; };
		58EB43D023CF7CFB001BD36F /* Assignment NotebookUITests.xctest */ = {isa = PBXFileReference; explicitFileType = wrapper.cfbundle; includeInIndex = 0; path = "Assignment NotebookUITests.xctest"; sourceTree = BUILT_PRODUCTS_DIR; };
		58EB43D423CF7CFB001BD36F /* Assignment_NotebookUITests.swift */ = {isa = PBXFileReference; lastKnownFileType = sourcecode.swift; path = Assignment_NotebookUITests.swift; sourceTree = "<group>"; };
		58EB43D623CF7CFB001BD36F /* Info.plist */ = {isa = PBXFileReference; lastKnownFileType = text.plist.xml; path = Info.plist; sourceTree = "<group>"; };
/* End PBXFileReference section */

/* Begin PBXFrameworksBuildPhase section */
		58EB43AA23CF7CF3001BD36F /* Frameworks */ = {
			isa = PBXFrameworksBuildPhase;
			buildActionMask = 2147483647;
			files = (
			);
			runOnlyForDeploymentPostprocessing = 0;
		};
		58EB43C223CF7CFB001BD36F /* Frameworks */ = {
			isa = PBXFrameworksBuildPhase;
			buildActionMask = 2147483647;
			files = (
			);
			runOnlyForDeploymentPostprocessing = 0;
		};
		58EB43CD23CF7CFB001BD36F /* Frameworks */ = {
			isa = PBXFrameworksBuildPhase;
			buildActionMask = 2147483647;
			files = (
			);
			runOnlyForDeploymentPostprocessing = 0;
		};
/* End PBXFrameworksBuildPhase section */

/* Begin PBXGroup section */
		58EB43A423CF7CF3001BD36F = {
			isa = PBXGroup;
			children = (
				58EB43AF23CF7CF3001BD36F /* Assignment Notebook */,
				58EB43C823CF7CFB001BD36F /* Assignment NotebookTests */,
				58EB43D323CF7CFB001BD36F /* Assignment NotebookUITests */,
				58EB43AE23CF7CF3001BD36F /* Products */,
			);
			sourceTree = "<group>";
		};
		58EB43AE23CF7CF3001BD36F /* Products */ = {
			isa = PBXGroup;
			children = (
				58EB43AD23CF7CF3001BD36F /* Assignment Notebook.app */,
				58EB43C523CF7CFB001BD36F /* Assignment NotebookTests.xctest */,
				58EB43D023CF7CFB001BD36F /* Assignment NotebookUITests.xctest */,
			);
			name = Products;
			sourceTree = "<group>";
		};
		58EB43AF23CF7CF3001BD36F /* Assignment Notebook */ = {
			isa = PBXGroup;
			children = (
				58EB43B023CF7CF3001BD36F /* AppDelegate.swift */,
				58EB43B223CF7CF3001BD36F /* SceneDelegate.swift */,
				58EB43B423CF7CF3001BD36F /* MasterViewController.swift */,
				58EB43B623CF7CF3001BD36F /* DetailViewController.swift */,
				58EB43B823CF7CF3001BD36F /* Main.storyboard */,
				58EB43BB23CF7CFB001BD36F /* Assets.xcassets */,
				58EB43BD23CF7CFB001BD36F /* LaunchScreen.storyboard */,
				58EB43C023CF7CFB001BD36F /* Info.plist */,
			);
			path = "Assignment Notebook";
			sourceTree = "<group>";
		};
		58EB43C823CF7CFB001BD36F /* Assignment NotebookTests */ = {
			isa = PBXGroup;
			children = (
				58EB43C923CF7CFB001BD36F /* Assignment_NotebookTests.swift */,
				58EB43CB23CF7CFB001BD36F /* Info.plist */,
			);
			path = "Assignment NotebookTests";
			sourceTree = "<group>";
		};
		58EB43D323CF7CFB001BD36F /* Assignment NotebookUITests */ = {
			isa = PBXGroup;
			children = (
				58EB43D423CF7CFB001BD36F /* Assignment_NotebookUITests.swift */,
				58EB43D623CF7CFB001BD36F /* Info.plist */,
			);
			path = "Assignment NotebookUITests";
			sourceTree = "<group>";
		};
/* End PBXGroup section */

/* Begin PBXNativeTarget section */
		58EB43AC23CF7CF3001BD36F /* Assignment Notebook */ = {
			isa = PBXNativeTarget;
			buildConfigurationList = 58EB43D923CF7CFB001BD36F /* Build configuration list for PBXNativeTarget "Assignment Notebook" */;
			buildPhases = (
				58EB43A923CF7CF3001BD36F /* Sources */,
				58EB43AA23CF7CF3001BD36F /* Frameworks */,
				58EB43AB23CF7CF3001BD36F /* Resources */,
			);
			buildRules = (
			);
			dependencies = (
			);
			name = "Assignment Notebook";
			productName = "Assignment Notebook";
			productReference = 58EB43AD23CF7CF3001BD36F /* Assignment Notebook.app */;
			productType = "com.apple.product-type.application";
		};
		58EB43C423CF7CFB001BD36F /* Assignment NotebookTests */ = {
			isa = PBXNativeTarget;
			buildConfigurationList = 58EB43DC23CF7CFB001BD36F /* Build configuration list for PBXNativeTarget "Assignment NotebookTests" */;
			buildPhases = (
				58EB43C123CF7CFB001BD36F /* Sources */,
				58EB43C223CF7CFB001BD36F /* Frameworks */,
				58EB43C323CF7CFB001BD36F /* Resources */,
			);
			buildRules = (
			);
			dependencies = (
				58EB43C723CF7CFB001BD36F /* PBXTargetDependency */,
			);
			name = "Assignment NotebookTests";
			productName = "Assignment NotebookTests";
			productReference = 58EB43C523CF7CFB001BD36F /* Assignment NotebookTests.xctest */;
			productType = "com.apple.product-type.bundle.unit-test";
		};
		58EB43CF23CF7CFB001BD36F /* Assignment NotebookUITests */ = {
			isa = PBXNativeTarget;
			buildConfigurationList = 58EB43DF23CF7CFB001BD36F /* Build configuration list for PBXNativeTarget "Assignment NotebookUITests" */;
			buildPhases = (
				58EB43CC23CF7CFB001BD36F /* Sources */,
				58EB43CD23CF7CFB001BD36F /* Frameworks */,
				58EB43CE23CF7CFB001BD36F /* Resources */,
			);
			buildRules = (
			);
			dependencies = (
				58EB43D223CF7CFB001BD36F /* PBXTargetDependency */,
			);
			name = "Assignment NotebookUITests";
			productName = "Assignment NotebookUITests";
			productReference = 58EB43D023CF7CFB001BD36F /* Assignment NotebookUITests.xctest */;
			productType = "com.apple.product-type.bundle.ui-testing";
		};
/* End PBXNativeTarget section */

/* Begin PBXProject section */
		58EB43A523CF7CF3001BD36F /* Project object */ = {
			isa = PBXProject;
			attributes = {
				LastSwiftUpdateCheck = 1110;
				LastUpgradeCheck = 1110;
				ORGANIZATIONNAME = mojo;
				TargetAttributes = {
					58EB43AC23CF7CF3001BD36F = {
						CreatedOnToolsVersion = 11.1;
					};
					58EB43C423CF7CFB001BD36F = {
						CreatedOnToolsVersion = 11.1;
						TestTargetID = 58EB43AC23CF7CF3001BD36F;
					};
					58EB43CF23CF7CFB001BD36F = {
						CreatedOnToolsVersion = 11.1;
						TestTargetID = 58EB43AC23CF7CF3001BD36F;
					};
				};
			};
			buildConfigurationList = 58EB43A823CF7CF3001BD36F /* Build configuration list for PBXProject "Assignment Notebook" */;
			compatibilityVersion = "Xcode 9.3";
			developmentRegion = en;
			hasScannedForEncodings = 0;
			knownRegions = (
				en,
				Base,
			);
			mainGroup = 58EB43A423CF7CF3001BD36F;
			productRefGroup = 58EB43AE23CF7CF3001BD36F /* Products */;
			projectDirPath = "";
			projectRoot = "";
			targets = (
				58EB43AC23CF7CF3001BD36F /* Assignment Notebook */,
				58EB43C423CF7CFB001BD36F /* Assignment NotebookTests */,
				58EB43CF23CF7CFB001BD36F /* Assignment NotebookUITests */,
			);
		};
/* End PBXProject section */

/* Begin PBXResourcesBuildPhase section */
		58EB43AB23CF7CF3001BD36F /* Resources */ = {
			isa = PBXResourcesBuildPhase;
			buildActionMask = 2147483647;
			files = (
				58EB43BF23CF7CFB001BD36F /* LaunchScreen.storyboard in Resources */,
				58EB43BC23CF7CFB001BD36F /* Assets.xcassets in Resources */,
				58EB43BA23CF7CF3001BD36F /* Main.storyboard in Resources */,
			);
			runOnlyForDeploymentPostprocessing = 0;
		};
		58EB43C323CF7CFB001BD36F /* Resources */ = {
			isa = PBXResourcesBuildPhase;
			buildActionMask = 2147483647;
			files = (
			);
			runOnlyForDeploymentPostprocessing = 0;
		};
		58EB43CE23CF7CFB001BD36F /* Resources */ = {
			isa = PBXResourcesBuildPhase;
			buildActionMask = 2147483647;
			files = (
			);
			runOnlyForDeploymentPostprocessing = 0;
		};
/* End PBXResourcesBuildPhase section */

/* Begin PBXSourcesBuildPhase section */
		58EB43A923CF7CF3001BD36F /* Sources */ = {
			isa = PBXSourcesBuildPhase;
			buildActionMask = 2147483647;
			files = (
				58EB43B123CF7CF3001BD36F /* AppDelegate.swift in Sources */,
				58EB43B323CF7CF3001BD36F /* SceneDelegate.swift in Sources */,
				58EB43B523CF7CF3001BD36F /* MasterViewController.swift in Sources */,
				58EB43B723CF7CF3001BD36F /* DetailViewController.swift in Sources */,
			);
			runOnlyForDeploymentPostprocessing = 0;
		};
		58EB43C123CF7CFB001BD36F /* Sources */ = {
			isa = PBXSourcesBuildPhase;
			buildActionMask = 2147483647;
			files = (
				58EB43CA23CF7CFB001BD36F /* Assignment_NotebookTests.swift in Sources */,
			);
			runOnlyForDeploymentPostprocessing = 0;
		};
		58EB43CC23CF7CFB001BD36F /* Sources */ = {
			isa = PBXSourcesBuildPhase;
			buildActionMask = 2147483647;
			files = (
				58EB43D523CF7CFB001BD36F /* Assignment_NotebookUITests.swift in Sources */,
			);
			runOnlyForDeploymentPostprocessing = 0;
		};
/* End PBXSourcesBuildPhase section */

/* Begin PBXTargetDependency section */
		58EB43C723CF7CFB001BD36F /* PBXTargetDependency */ = {
			isa = PBXTargetDependency;
			target = 58EB43AC23CF7CF3001BD36F /* Assignment Notebook */;
			targetProxy = 58EB43C623CF7CFB001BD36F /* PBXContainerItemProxy */;
		};
		58EB43D223CF7CFB001BD36F /* PBXTargetDependency */ = {
			isa = PBXTargetDependency;
			target = 58EB43AC23CF7CF3001BD36F /* Assignment Notebook */;
			targetProxy = 58EB43D123CF7CFB001BD36F /* PBXContainerItemProxy */;
		};
/* End PBXTargetDependency section */

/* Begin PBXVariantGroup section */
		58EB43B823CF7CF3001BD36F /* Main.storyboard */ = {
			isa = PBXVariantGroup;
			children = (
				58EB43B923CF7CF3001BD36F /* Base */,
			);
			name = Main.storyboard;
			sourceTree = "<group>";
		};
		58EB43BD23CF7CFB001BD36F /* LaunchScreen.storyboard */ = {
			isa = PBXVariantGroup;
			children = (
				58EB43BE23CF7CFB001BD36F /* Base */,
			);
			name = LaunchScreen.storyboard;
			sourceTree = "<group>";
		};
/* End PBXVariantGroup section */

/* Begin XCBuildConfiguration section */
		58EB43D723CF7CFB001BD36F /* Debug */ = {
			isa = XCBuildConfiguration;
			buildSettings = {
				ALWAYS_SEARCH_USER_PATHS = NO;
				CLANG_ANALYZER_NONNULL = YES;
				CLANG_ANALYZER_NUMBER_OBJECT_CONVERSION = YES_AGGRESSIVE;
				CLANG_CXX_LANGUAGE_STANDARD = "gnu++14";
				CLANG_CXX_LIBRARY = "libc++";
				CLANG_ENABLE_MODULES = YES;
				CLANG_ENABLE_OBJC_ARC = YES;
				CLANG_ENABLE_OBJC_WEAK = YES;
				CLANG_WARN_BLOCK_CAPTURE_AUTORELEASING = YES;
				CLANG_WARN_BOOL_CONVERSION = YES;
				CLANG_WARN_COMMA = YES;
				CLANG_WARN_CONSTANT_CONVERSION = YES;
				CLANG_WARN_DEPRECATED_OBJC_IMPLEMENTATIONS = YES;
				CLANG_WARN_DIRECT_OBJC_ISA_USAGE = YES_ERROR;
				CLANG_WARN_DOCUMENTATION_COMMENTS = YES;
				CLANG_WARN_EMPTY_BODY = YES;
				CLANG_WARN_ENUM_CONVERSION = YES;
				CLANG_WARN_INFINITE_RECURSION = YES;
				CLANG_WARN_INT_CONVERSION = YES;
				CLANG_WARN_NON_LITERAL_NULL_CONVERSION = YES;
				CLANG_WARN_OBJC_IMPLICIT_RETAIN_SELF = YES;
				CLANG_WARN_OBJC_LITERAL_CONVERSION = YES;
				CLANG_WARN_OBJC_ROOT_CLASS = YES_ERROR;
				CLANG_WARN_RANGE_LOOP_ANALYSIS = YES;
				CLANG_WARN_STRICT_PROTOTYPES = YES;
				CLANG_WARN_SUSPICIOUS_MOVE = YES;
				CLANG_WARN_UNGUARDED_AVAILABILITY = YES_AGGRESSIVE;
				CLANG_WARN_UNREACHABLE_CODE = YES;
				CLANG_WARN__DUPLICATE_METHOD_MATCH = YES;
				COPY_PHASE_STRIP = NO;
				DEBUG_INFORMATION_FORMAT = dwarf;
				ENABLE_STRICT_OBJC_MSGSEND = YES;
				ENABLE_TESTABILITY = YES;
				GCC_C_LANGUAGE_STANDARD = gnu11;
				GCC_DYNAMIC_NO_PIC = NO;
				GCC_NO_COMMON_BLOCKS = YES;
				GCC_OPTIMIZATION_LEVEL = 0;
				GCC_PREPROCESSOR_DEFINITIONS = (
					"DEBUG=1",
					"$(inherited)",
				);
				GCC_WARN_64_TO_32_BIT_CONVERSION = YES;
				GCC_WARN_ABOUT_RETURN_TYPE = YES_ERROR;
				GCC_WARN_UNDECLARED_SELECTOR = YES;
				GCC_WARN_UNINITIALIZED_AUTOS = YES_AGGRESSIVE;
				GCC_WARN_UNUSED_FUNCTION = YES;
				GCC_WARN_UNUSED_VARIABLE = YES;
				IPHONEOS_DEPLOYMENT_TARGET = 13.1;
				MTL_ENABLE_DEBUG_INFO = INCLUDE_SOURCE;
				MTL_FAST_MATH = YES;
				ONLY_ACTIVE_ARCH = YES;
				SDKROOT = iphoneos;
				SWIFT_ACTIVE_COMPILATION_CONDITIONS = DEBUG;
				SWIFT_OPTIMIZATION_LEVEL = "-Onone";
			};
			name = Debug;
		};
		58EB43D823CF7CFB001BD36F /* Release */ = {
			isa = XCBuildConfiguration;
			buildSettings = {
				ALWAYS_SEARCH_USER_PATHS = NO;
				CLANG_ANALYZER_NONNULL = YES;
				CLANG_ANALYZER_NUMBER_OBJECT_CONVERSION = YES_AGGRESSIVE;
				CLANG_CXX_LANGUAGE_STANDARD = "gnu++14";
				CLANG_CXX_LIBRARY = "libc++";
				CLANG_ENABLE_MODULES = YES;
				CLANG_ENABLE_OBJC_ARC = YES;
				CLANG_ENABLE_OBJC_WEAK = YES;
				CLANG_WARN_BLOCK_CAPTURE_AUTORELEASING = YES;
				CLANG_WARN_BOOL_CONVERSION = YES;
				CLANG_WARN_COMMA = YES;
				CLANG_WARN_CONSTANT_CONVERSION = YES;
				CLANG_WARN_DEPRECATED_OBJC_IMPLEMENTATIONS = YES;
				CLANG_WARN_DIRECT_OBJC_ISA_USAGE = YES_ERROR;
				CLANG_WARN_DOCUMENTATION_COMMENTS = YES;
				CLANG_WARN_EMPTY_BODY = YES;
				CLANG_WARN_ENUM_CONVERSION = YES;
				CLANG_WARN_INFINITE_RECURSION = YES;
				CLANG_WARN_INT_CONVERSION = YES;
				CLANG_WARN_NON_LITERAL_NULL_CONVERSION = YES;
				CLANG_WARN_OBJC_IMPLICIT_RETAIN_SELF = YES;
				CLANG_WARN_OBJC_LITERAL_CONVERSION = YES;
				CLANG_WARN_OBJC_ROOT_CLASS = YES_ERROR;
				CLANG_WARN_RANGE_LOOP_ANALYSIS = YES;
				CLANG_WARN_STRICT_PROTOTYPES = YES;
				CLANG_WARN_SUSPICIOUS_MOVE = YES;
				CLANG_WARN_UNGUARDED_AVAILABILITY = YES_AGGRESSIVE;
				CLANG_WARN_UNREACHABLE_CODE = YES;
				CLANG_WARN__DUPLICATE_METHOD_MATCH = YES;
				COPY_PHASE_STRIP = NO;
				DEBUG_INFORMATION_FORMAT = "dwarf-with-dsym";
				ENABLE_NS_ASSERTIONS = NO;
				ENABLE_STRICT_OBJC_MSGSEND = YES;
				GCC_C_LANGUAGE_STANDARD = gnu11;
				GCC_NO_COMMON_BLOCKS = YES;
				GCC_WARN_64_TO_32_BIT_CONVERSION = YES;
				GCC_WARN_ABOUT_RETURN_TYPE = YES_ERROR;
				GCC_WARN_UNDECLARED_SELECTOR = YES;
				GCC_WARN_UNINITIALIZED_AUTOS = YES_AGGRESSIVE;
				GCC_WARN_UNUSED_FUNCTION = YES;
				GCC_WARN_UNUSED_VARIABLE = YES;
				IPHONEOS_DEPLOYMENT_TARGET = 13.1;
				MTL_ENABLE_DEBUG_INFO = NO;
				MTL_FAST_MATH = YES;
				SDKROOT = iphoneos;
				SWIFT_COMPILATION_MODE = wholemodule;
				SWIFT_OPTIMIZATION_LEVEL = "-O";
				VALIDATE_PRODUCT = YES;
			};
			name = Release;
		};
		58EB43DA23CF7CFB001BD36F /* Debug */ = {
			isa = XCBuildConfiguration;
			buildSettings = {
				ASSETCATALOG_COMPILER_APPICON_NAME = AppIcon;
				CODE_SIGN_STYLE = Automatic;
				DEVELOPMENT_TEAM = RD42WQ9VF6;
				INFOPLIST_FILE = "Assignment Notebook/Info.plist";
				LD_RUNPATH_SEARCH_PATHS = (
					"$(inherited)",
					"@executable_path/Frameworks",
				);
				PRODUCT_BUNDLE_IDENTIFIER = "AveryZ.Assignment-Notebook";
				PRODUCT_NAME = "$(TARGET_NAME)";
				SWIFT_VERSION = 5.0;
				TARGETED_DEVICE_FAMILY = "1,2";
			};
			name = Debug;
		};
		58EB43DB23CF7CFB001BD36F /* Release */ = {
			isa = XCBuildConfiguration;
			buildSettings = {
				ASSETCATALOG_COMPILER_APPICON_NAME = AppIcon;
				CODE_SIGN_STYLE = Automatic;
				DEVELOPMENT_TEAM = RD42WQ9VF6;
				INFOPLIST_FILE = "Assignment Notebook/Info.plist";
				LD_RUNPATH_SEARCH_PATHS = (
					"$(inherited)",
					"@executable_path/Frameworks",
				);
				PRODUCT_BUNDLE_IDENTIFIER = "AveryZ.Assignment-Notebook";
				PRODUCT_NAME = "$(TARGET_NAME)";
				SWIFT_VERSION = 5.0;
				TARGETED_DEVICE_FAMILY = "1,2";
			};
			name = Release;
		};
		58EB43DD23CF7CFB001BD36F /* Debug */ = {
			isa = XCBuildConfiguration;
			buildSettings = {
				ALWAYS_EMBED_SWIFT_STANDARD_LIBRARIES = YES;
				BUNDLE_LOADER = "$(TEST_HOST)";
				CODE_SIGN_STYLE = Automatic;
				DEVELOPMENT_TEAM = RD42WQ9VF6;
				INFOPLIST_FILE = "Assignment NotebookTests/Info.plist";
				IPHONEOS_DEPLOYMENT_TARGET = 13.1;
				LD_RUNPATH_SEARCH_PATHS = (
					"$(inherited)",
					"@executable_path/Frameworks",
					"@loader_path/Frameworks",
				);
				PRODUCT_BUNDLE_IDENTIFIER = "AveryZ.Assignment-NotebookTests";
				PRODUCT_NAME = "$(TARGET_NAME)";
				SWIFT_VERSION = 5.0;
				TARGETED_DEVICE_FAMILY = "1,2";
				TEST_HOST = "$(BUILT_PRODUCTS_DIR)/Assignment Notebook.app/Assignment Notebook";
			};
			name = Debug;
		};
		58EB43DE23CF7CFB001BD36F /* Release */ = {
			isa = XCBuildConfiguration;
			buildSettings = {
				ALWAYS_EMBED_SWIFT_STANDARD_LIBRARIES = YES;
				BUNDLE_LOADER = "$(TEST_HOST)";
				CODE_SIGN_STYLE = Automatic;
				DEVELOPMENT_TEAM = RD42WQ9VF6;
				INFOPLIST_FILE = "Assignment NotebookTests/Info.plist";
				IPHONEOS_DEPLOYMENT_TARGET = 13.1;
				LD_RUNPATH_SEARCH_PATHS = (
					"$(inherited)",
					"@executable_path/Frameworks",
					"@loader_path/Frameworks",
				);
				PRODUCT_BUNDLE_IDENTIFIER = "AveryZ.Assignment-NotebookTests";
				PRODUCT_NAME = "$(TARGET_NAME)";
				SWIFT_VERSION = 5.0;
				TARGETED_DEVICE_FAMILY = "1,2";
				TEST_HOST = "$(BUILT_PRODUCTS_DIR)/Assignment Notebook.app/Assignment Notebook";
			};
			name = Release;
		};
		58EB43E023CF7CFB001BD36F /* Debug */ = {
			isa = XCBuildConfiguration;
			buildSettings = {
				ALWAYS_EMBED_SWIFT_STANDARD_LIBRARIES = YES;
				CODE_SIGN_STYLE = Automatic;
				DEVELOPMENT_TEAM = RD42WQ9VF6;
				INFOPLIST_FILE = "Assignment NotebookUITests/Info.plist";
				LD_RUNPATH_SEARCH_PATHS = (
					"$(inherited)",
					"@executable_path/Frameworks",
					"@loader_path/Frameworks",
				);
				PRODUCT_BUNDLE_IDENTIFIER = "AveryZ.Assignment-NotebookUITests";
				PRODUCT_NAME = "$(TARGET_NAME)";
				SWIFT_VERSION = 5.0;
				TARGETED_DEVICE_FAMILY = "1,2";
				TEST_TARGET_NAME = "Assignment Notebook";
			};
			name = Debug;
		};
		58EB43E123CF7CFB001BD36F /* Release */ = {
			isa = XCBuildConfiguration;
			buildSettings = {
				ALWAYS_EMBED_SWIFT_STANDARD_LIBRARIES = YES;
				CODE_SIGN_STYLE = Automatic;
				DEVELOPMENT_TEAM = RD42WQ9VF6;
				INFOPLIST_FILE = "Assignment NotebookUITests/Info.plist";
				LD_RUNPATH_SEARCH_PATHS = (
					"$(inherited)",
					"@executable_path/Frameworks",
					"@loader_path/Frameworks",
				);
				PRODUCT_BUNDLE_IDENTIFIER = "AveryZ.Assignment-NotebookUITests";
				PRODUCT_NAME = "$(TARGET_NAME)";
				SWIFT_VERSION = 5.0;
				TARGETED_DEVICE_FAMILY = "1,2";
				TEST_TARGET_NAME = "Assignment Notebook";
			};
			name = Release;
		};
/* End XCBuildConfiguration section */

/* Begin XCConfigurationList section */
		58EB43A823CF7CF3001BD36F /* Build configuration list for PBXProject "Assignment Notebook" */ = {
			isa = XCConfigurationList;
			buildConfigurations = (
				58EB43D723CF7CFB001BD36F /* Debug */,
				58EB43D823CF7CFB001BD36F /* Release */,
			);
			defaultConfigurationIsVisible = 0;
			defaultConfigurationName = Release;
		};
		58EB43D923CF7CFB001BD36F /* Build configuration list for PBXNativeTarget "Assignment Notebook" */ = {
			isa = XCConfigurationList;
			buildConfigurations = (
				58EB43DA23CF7CFB001BD36F /* Debug */,
				58EB43DB23CF7CFB001BD36F /* Release */,
			);
			defaultConfigurationIsVisible = 0;
			defaultConfigurationName = Release;
		};
		58EB43DC23CF7CFB001BD36F /* Build configuration list for PBXNativeTarget "Assignment NotebookTests" */ = {
			isa = XCConfigurationList;
			buildConfigurations = (
				58EB43DD23CF7CFB001BD36F /* Debug */,
				58EB43DE23CF7CFB001BD36F /* Release */,
			);
			defaultConfigurationIsVisible = 0;
			defaultConfigurationName = Release;
		};
		58EB43DF23CF7CFB001BD36F /* Build configuration list for PBXNativeTarget "Assignment NotebookUITests" */ = {
			isa = XCConfigurationList;
			buildConfigurations = (
				58EB43E023CF7CFB001BD36F /* Debug */,
				58EB43E123CF7CFB001BD36F /* Release */,
			);
			defaultConfigurationIsVisible = 0;
			defaultConfigurationName = Release;
		};
/* End XCConfigurationList section */
	};
	rootObject = 58EB43A523CF7CF3001BD36F /* Project object */;
}
